
Microsoft Visual Studio Solution File, Format Version 12.00
# Visual Studio Version 17
VisualStudioVersion = 17.5.33424.131
MinimumVisualStudioVersion = 10.0.40219.1
Project("{54A90642-561A-4BB1-A94E-469ADEE60C69}") = "reactapp", "reactapp\reactapp.esproj", "{EB3EC4CC-D882-4316-B952-4007B2186126}"
EndProject
Project("{9A19103F-16F7-4668-BE54-9A1E7A4F7556}") = "webapi", "webapi\webapi.csproj", "{2453C396-726C-4B01-97E2-A86AECE4C9BD}"
EndProject
Global
	GlobalSection(SolutionConfigurationPlatforms) = preSolution
		Debug|Any CPU = Debug|Any CPU
		Release|Any CPU = Release|Any CPU
	EndGlobalSection
	GlobalSection(ProjectConfigurationPlatforms) = postSolution
		{EB3EC4CC-D882-4316-B952-4007B2186126}.Debug|Any CPU.ActiveCfg = Debug|Any CPU
		{EB3EC4CC-D882-4316-B952-4007B2186126}.Debug|Any CPU.Build.0 = Debug|Any CPU
		{EB3EC4CC-D882-4316-B952-4007B2186126}.Debug|Any CPU.Deploy.0 = Debug|Any CPU
		{EB3EC4CC-D882-4316-B952-4007B2186126}.Release|Any CPU.ActiveCfg = Release|Any CPU
		{EB3EC4CC-D882-4316-B952-4007B2186126}.Release|Any CPU.Build.0 = Release|Any CPU
		{EB3EC4CC-D882-4316-B952-4007B2186126}.Release|Any CPU.Deploy.0 = Release|Any CPU
		{2453C396-726C-4B01-97E2-A86AECE4C9BD}.Debug|Any CPU.ActiveCfg = Debug|Any CPU
		{2453C396-726C-4B01-97E2-A86AECE4C9BD}.Debug|Any CPU.Build.0 = Debug|Any CPU
		{2453C396-726C-4B01-97E2-A86AECE4C9BD}.Release|Any CPU.ActiveCfg = Release|Any CPU
		{2453C396-726C-4B01-97E2-A86AECE4C9BD}.Release|Any CPU.Build.0 = Release|Any CPU
	EndGlobalSection
	GlobalSection(SolutionProperties) = preSolution
		HideSolutionNode = FALSE
	EndGlobalSection
	GlobalSection(ExtensibilityGlobals) = postSolution
		SolutionGuid = {B14203F6-FC47-4D3A-82AF-E8C744F5C8FD}
	EndGlobalSection
EndGlobal
